{
  "requires": true,
  "lockfileVersion": 1,
  "dependencies": {
    "fs": {
      "version": "0.0.1-security",
      "resolved": "https://registry.npmjs.org/fs/-/fs-0.0.1-security.tgz",
      "integrity": "sha1-invTcYa23d84E/I4WLV+yq9eQdQ="
    },
    "midi-writer-js": {
      "version": "1.7.1",
      "resolved": "https://registry.npmjs.org/midi-writer-js/-/midi-writer-js-1.7.1.tgz",
      "integrity": "sha512-/BbEZjNALrr695CflzjIsFD+B+LmNgLEn0UnmdGfrnbLiI95JOdP6DW1545ep0tiYeMvOaA/ZgxyyQBV9jOITQ==",
      "requires": {
        "tonal-midi": "0.69.7"
      }
    },
    "note-parser": {
      "version": "2.0.1",
      "resolved": "https://registry.npmjs.org/note-parser/-/note-parser-2.0.1.tgz",
      "integrity": "sha1-JDj9V6RolLQCs6IHF5hmASnI+8E="
    },
    "tonal-midi": {
      "version": "0.69.7",
      "resolved": "https://registry.npmjs.org/tonal-midi/-/tonal-midi-0.69.7.tgz",
      "integrity": "sha1-51Tsk/Pb2yim051CRXwzrSRf+kc=",
      "requires": {
        "note-parser": "2.0.1"
      }
    }
  }
}
